// !$*UTF8*$!
{
	archiveVersion = 1;
	classes = {
	};
	objectVersion = 46;
	objects = {

/* Begin PBXBuildFile section */
		1103B0191D5D75BA0082D4BD /* ZBAdd.swift in Sources */ = {isa = PBXBuildFile; fileRef = 1103B0181D5D75BA0082D4BD /* ZBAdd.swift */; };
		1103B01D1D5D9C9C0082D4BD /* HeadViewController.swift in Sources */ = {isa = PBXBuildFile; fileRef = 1103B01C1D5D9C9C0082D4BD /* HeadViewController.swift */; };
		1103B0201D5DA7A30082D4BD /* AddSecondItems.plist in Resources */ = {isa = PBXBuildFile; fileRef = 1103B01F1D5DA7A30082D4BD /* AddSecondItems.plist */; };
		1107ABE71D5C55CE001339CA /* adIcon.jpg in Resources */ = {isa = PBXBuildFile; fileRef = 1107ABE61D5C55CE001339CA /* adIcon.jpg */; };
		1107ABED1D5C6D40001339CA /* AddItemCell.swift in Sources */ = {isa = PBXBuildFile; fileRef = 1107ABEC1D5C6D40001339CA /* AddItemCell.swift */; };
		1107ABEF1D5C7299001339CA /* AddFirstItems.plist in Resources */ = {isa = PBXBuildFile; fileRef = 1107ABEE1D5C7299001339CA /* AddFirstItems.plist */; };
		1108A32B1D5ACA7D0026E6DC /* MessageTVC.swift in Sources */ = {isa = PBXBuildFile; fileRef = 1108A32A1D5ACA7D0026E6DC /* MessageTVC.swift */; };
		1108A3331D5B1C920026E6DC /* AddFriendsTVC.swift in Sources */ = {isa = PBXBuildFile; fileRef = 1108A3321D5B1C920026E6DC /* AddFriendsTVC.swift */; };
		1108A3371D5B1DB20026E6DC /* FriendsMsgTVC.swift in Sources */ = {isa = PBXBuildFile; fileRef = 1108A3361D5B1DB20026E6DC /* FriendsMsgTVC.swift */; };
		110D86EB1D54878A00B4B352 /* AppDelegate.swift in Sources */ = {isa = PBXBuildFile; fileRef = 110D86EA1D54878A00B4B352 /* AppDelegate.swift */; };
		110D86ED1D54878A00B4B352 /* NewFeatureViewController.swift in Sources */ = {isa = PBXBuildFile; fileRef = 110D86EC1D54878A00B4B352 /* NewFeatureViewController.swift */; };
		110D86F01D54878A00B4B352 /* Main.storyboard in Resources */ = {isa = PBXBuildFile; fileRef = 110D86EE1D54878A00B4B352 /* Main.storyboard */; };
		110D86F21D54878A00B4B352 /* Assets.xcassets in Resources */ = {isa = PBXBuildFile; fileRef = 110D86F11D54878A00B4B352 /* Assets.xcassets */; };
		110D86F51D54878A00B4B352 /* LaunchScreen.storyboard in Resources */ = {isa = PBXBuildFile; fileRef = 110D86F31D54878A00B4B352 /* LaunchScreen.storyboard */; };
		111B9DD31D5860E90045AEDA /* MainTabbarController.swift in Sources */ = {isa = PBXBuildFile; fileRef = 111B9DD21D5860E90045AEDA /* MainTabbarController.swift */; };
		111B9DD91D5862790045AEDA /* HomeTVC.swift in Sources */ = {isa = PBXBuildFile; fileRef = 111B9DD81D5862790045AEDA /* HomeTVC.swift */; };
		111B9DDF1D5862F60045AEDA /* MeTVC.swift in Sources */ = {isa = PBXBuildFile; fileRef = 111B9DDE1D5862F60045AEDA /* MeTVC.swift */; };
		111B9DE21D58645C0045AEDA /* BaseNavCTL.swift in Sources */ = {isa = PBXBuildFile; fileRef = 111B9DE11D58645C0045AEDA /* BaseNavCTL.swift */; };
		112733B81D6EF80100C9B0C0 /* ZBStatusTool.swift in Sources */ = {isa = PBXBuildFile; fileRef = 112733B71D6EF80100C9B0C0 /* ZBStatusTool.swift */; };
		112733BC1D6EF80900C9B0C0 /* ZBHomeStatusesParam.swift in Sources */ = {isa = PBXBuildFile; fileRef = 112733B91D6EF80900C9B0C0 /* ZBHomeStatusesParam.swift */; };
		112733BD1D6EF80900C9B0C0 /* ZBHomeStatusesResult.swift in Sources */ = {isa = PBXBuildFile; fileRef = 112733BA1D6EF80900C9B0C0 /* ZBHomeStatusesResult.swift */; };
		112733BE1D6EF80900C9B0C0 /* ZBStatus.swift in Sources */ = {isa = PBXBuildFile; fileRef = 112733BB1D6EF80900C9B0C0 /* ZBStatus.swift */; };
		112B91931D644ED300DD12D5 /* MJRefreshAutoFooter.m in Sources */ = {isa = PBXBuildFile; fileRef = 112B91671D644ED300DD12D5 /* MJRefreshAutoFooter.m */; };
		112B91941D644ED300DD12D5 /* MJRefreshBackFooter.m in Sources */ = {isa = PBXBuildFile; fileRef = 112B91691D644ED300DD12D5 /* MJRefreshBackFooter.m */; };
		112B91951D644ED300DD12D5 /* MJRefreshComponent.m in Sources */ = {isa = PBXBuildFile; fileRef = 112B916B1D644ED300DD12D5 /* MJRefreshComponent.m */; };
		112B91961D644ED300DD12D5 /* MJRefreshFooter.m in Sources */ = {isa = PBXBuildFile; fileRef = 112B916D1D644ED300DD12D5 /* MJRefreshFooter.m */; };
		112B91971D644ED300DD12D5 /* MJRefreshHeader.m in Sources */ = {isa = PBXBuildFile; fileRef = 112B916F1D644ED300DD12D5 /* MJRefreshHeader.m */; };
		112B91981D644ED300DD12D5 /* MJRefreshAutoGifFooter.m in Sources */ = {isa = PBXBuildFile; fileRef = 112B91741D644ED300DD12D5 /* MJRefreshAutoGifFooter.m */; };
		112B91991D644ED300DD12D5 /* MJRefreshAutoNormalFooter.m in Sources */ = {isa = PBXBuildFile; fileRef = 112B91761D644ED300DD12D5 /* MJRefreshAutoNormalFooter.m */; };
		112B919A1D644ED300DD12D5 /* MJRefreshAutoStateFooter.m in Sources */ = {isa = PBXBuildFile; fileRef = 112B91781D644ED300DD12D5 /* MJRefreshAutoStateFooter.m */; };
		112B919B1D644ED300DD12D5 /* MJRefreshBackGifFooter.m in Sources */ = {isa = PBXBuildFile; fileRef = 112B917B1D644ED300DD12D5 /* MJRefreshBackGifFooter.m */; };
		112B919C1D644ED300DD12D5 /* MJRefreshBackNormalFooter.m in Sources */ = {isa = PBXBuildFile; fileRef = 112B917D1D644ED300DD12D5 /* MJRefreshBackNormalFooter.m */; };
		112B919D1D644ED300DD12D5 /* MJRefreshBackStateFooter.m in Sources */ = {isa = PBXBuildFile; fileRef = 112B917F1D644ED300DD12D5 /* MJRefreshBackStateFooter.m */; };
		112B919E1D644ED300DD12D5 /* MJRefreshGifHeader.m in Sources */ = {isa = PBXBuildFile; fileRef = 112B91821D644ED300DD12D5 /* MJRefreshGifHeader.m */; };
		112B919F1D644ED300DD12D5 /* MJRefreshNormalHeader.m in Sources */ = {isa = PBXBuildFile; fileRef = 112B91841D644ED300DD12D5 /* MJRefreshNormalHeader.m */; };
		112B91A01D644ED300DD12D5 /* MJRefreshStateHeader.m in Sources */ = {isa = PBXBuildFile; fileRef = 112B91861D644ED300DD12D5 /* MJRefreshStateHeader.m */; };
		112B91A11D644ED300DD12D5 /* MJRefresh.bundle in Resources */ = {isa = PBXBuildFile; fileRef = 112B91871D644ED300DD12D5 /* MJRefresh.bundle */; };
		112B91A21D644ED300DD12D5 /* MJRefreshConst.m in Sources */ = {isa = PBXBuildFile; fileRef = 112B918A1D644ED300DD12D5 /* MJRefreshConst.m */; };
		112B91A31D644ED300DD12D5 /* NSBundle+MJRefresh.m in Sources */ = {isa = PBXBuildFile; fileRef = 112B918C1D644ED300DD12D5 /* NSBundle+MJRefresh.m */; };
		112B91A41D644ED300DD12D5 /* UIScrollView+MJExtension.m in Sources */ = {isa = PBXBuildFile; fileRef = 112B918E1D644ED300DD12D5 /* UIScrollView+MJExtension.m */; };
		112B91A51D644ED300DD12D5 /* UIScrollView+MJRefresh.m in Sources */ = {isa = PBXBuildFile; fileRef = 112B91901D644ED300DD12D5 /* UIScrollView+MJRefresh.m */; };
		112B91A61D644ED300DD12D5 /* UIView+MJExtension.m in Sources */ = {isa = PBXBuildFile; fileRef = 112B91921D644ED300DD12D5 /* UIView+MJExtension.m */; };
		112CFF9C1D740B8E00DE7D20 /* ShopCarListParam.swift in Sources */ = {isa = PBXBuildFile; fileRef = 112CFF9B1D740B8E00DE7D20 /* ShopCarListParam.swift */; };
		112CFF9E1D740BD600DE7D20 /* ShopCarListResult.swift in Sources */ = {isa = PBXBuildFile; fileRef = 112CFF9D1D740BD600DE7D20 /* ShopCarListResult.swift */; };
		112CFFA01D740C5400DE7D20 /* ShopCarTool.swift in Sources */ = {isa = PBXBuildFile; fileRef = 112CFF9F1D740C5400DE7D20 /* ShopCarTool.swift */; };
		112CFFDD1D7429A300DE7D20 /* PrefixHeader.swift in Sources */ = {isa = PBXBuildFile; fileRef = 112CFFDC1D7429A300DE7D20 /* PrefixHeader.swift */; };
		112D30991D6FEECA00779E05 /* ZBHttpTool.swift in Sources */ = {isa = PBXBuildFile; fileRef = 112D30981D6FEECA00779E05 /* ZBHttpTool.swift */; };
		1148CA681D616778005233D3 /* SettingGroup.swift in Sources */ = {isa = PBXBuildFile; fileRef = 1148CA671D616778005233D3 /* SettingGroup.swift */; };
		1148CA6A1D61687D005233D3 /* SettingItem.swift in Sources */ = {isa = PBXBuildFile; fileRef = 1148CA691D61687D005233D3 /* SettingItem.swift */; };
		1148CA6C1D616976005233D3 /* SettingArrowItem.swift in Sources */ = {isa = PBXBuildFile; fileRef = 1148CA6B1D616976005233D3 /* SettingArrowItem.swift */; };
		1148CA6E1D616BE4005233D3 /* SettingSwitchItem.swift in Sources */ = {isa = PBXBuildFile; fileRef = 1148CA6D1D616BE4005233D3 /* SettingSwitchItem.swift */; };
		1148CA701D619EB3005233D3 /* BaseTVC.swift in Sources */ = {isa = PBXBuildFile; fileRef = 1148CA6F1D619EB3005233D3 /* BaseTVC.swift */; };
		1148CA721D61A1D3005233D3 /* NewFriendsTVC.swift in Sources */ = {isa = PBXBuildFile; fileRef = 1148CA711D61A1D3005233D3 /* NewFriendsTVC.swift */; };
		1148CA741D61A6BB005233D3 /* SettingCell.swift in Sources */ = {isa = PBXBuildFile; fileRef = 1148CA731D61A6BB005233D3 /* SettingCell.swift */; };
		1177B98D1D59B1C800610927 /* BadgeButton.swift in Sources */ = {isa = PBXBuildFile; fileRef = 1177B98C1D59B1C800610927 /* BadgeButton.swift */; };
		1177B9951D59CA3A00610927 /* TabBarBtn.swift in Sources */ = {isa = PBXBuildFile; fileRef = 1177B9941D59CA3A00610927 /* TabBarBtn.swift */; };
		1177B9981D59D0EB00610927 /* UIColor+RGB.swift in Sources */ = {isa = PBXBuildFile; fileRef = 1177B9971D59D0EB00610927 /* UIColor+RGB.swift */; };
		1177B99A1D59D0FF00610927 /* UIImage+resizeImg.swift in Sources */ = {isa = PBXBuildFile; fileRef = 1177B9991D59D0FF00610927 /* UIImage+resizeImg.swift */; };
		1177B99C1D59DC1800610927 /* ZBTabBar.swift in Sources */ = {isa = PBXBuildFile; fileRef = 1177B99B1D59DC1800610927 /* ZBTabBar.swift */; };
		11D8E06B1D62B42700B664B6 /* GeneralSetTVC.swift in Sources */ = {isa = PBXBuildFile; fileRef = 11D8E0691D62B42700B664B6 /* GeneralSetTVC.swift */; };
		11D8E0721D62B66600B664B6 /* SetTableViewController.swift in Sources */ = {isa = PBXBuildFile; fileRef = 11D8E0711D62B66600B664B6 /* SetTableViewController.swift */; };
		11D8E0741D62B95200B664B6 /* SetFooterView.swift in Sources */ = {isa = PBXBuildFile; fileRef = 11D8E0731D62B95200B664B6 /* SetFooterView.swift */; };
		11EB72CC1D7577BA000D9C9D /* Reflect+ArcFile.swift in Sources */ = {isa = PBXBuildFile; fileRef = 11EB72C11D7577BA000D9C9D /* Reflect+ArcFile.swift */; };
		11EB72CD1D7577BA000D9C9D /* Reflect+Parse.swift in Sources */ = {isa = PBXBuildFile; fileRef = 11EB72C31D7577BA000D9C9D /* Reflect+Parse.swift */; };
		11EB72CE1D7577BA000D9C9D /* Reflect+Convert.swift in Sources */ = {isa = PBXBuildFile; fileRef = 11EB72C51D7577BA000D9C9D /* Reflect+Convert.swift */; };
		11EB72CF1D7577BA000D9C9D /* Reflect+Class.swift in Sources */ = {isa = PBXBuildFile; fileRef = 11EB72C71D7577BA000D9C9D /* Reflect+Class.swift */; };
		11EB72D01D7577BA000D9C9D /* Reflect+Other.swift in Sources */ = {isa = PBXBuildFile; fileRef = 11EB72C81D7577BA000D9C9D /* Reflect+Other.swift */; };
		11EB72D11D7577BA000D9C9D /* Reflect+Property.swift in Sources */ = {isa = PBXBuildFile; fileRef = 11EB72C91D7577BA000D9C9D /* Reflect+Property.swift */; };
		11EB72D21D7577BA000D9C9D /* Reflect+Type.swift in Sources */ = {isa = PBXBuildFile; fileRef = 11EB72CA1D7577BA000D9C9D /* Reflect+Type.swift */; };
		11EB72D31D7577BA000D9C9D /* Reflect.swift in Sources */ = {isa = PBXBuildFile; fileRef = 11EB72CB1D7577BA000D9C9D /* Reflect.swift */; };
		11EB72D51D757C7F000D9C9D /* ShopCarGoodsItem.swift in Sources */ = {isa = PBXBuildFile; fileRef = 11EB72D41D757C7F000D9C9D /* ShopCarGoodsItem.swift */; };
		11FC6A681D767CE8008D13B5 /* MBProgressHUD+MJ.m in Sources */ = {isa = PBXBuildFile; fileRef = 11FC6A651D767CE8008D13B5 /* MBProgressHUD+MJ.m */; };
		11FC6A691D767CE8008D13B5 /* MBProgressHUD.m in Sources */ = {isa = PBXBuildFile; fileRef = 11FC6A671D767CE8008D13B5 /* MBProgressHUD.m */; };
		11FC6A721D76824B008D13B5 /* DiscoveryVC.swift in Sources */ = {isa = PBXBuildFile; fileRef = 11FC6A711D76824B008D13B5 /* DiscoveryVC.swift */; };
		64CD2F51B0DC59227DFCDB92 /* Pods_Project16Netease.framework in Frameworks */ = {isa = PBXBuildFile; fileRef = CE873CF5F5661752E7E85176 /* Pods_Project16Netease.framework */; };
/* End PBXBuildFile section */

/* Begin PBXCopyFilesBuildPhase section */
		112D30B71D7018B500779E05 /* Embed Frameworks */ = {
			isa = PBXCopyFilesBuildPhase;
			buildActionMask = 2147483647;
			dstPath = "";
			dstSubfolderSpec = 10;
			files = (
			);
			name = "Embed Frameworks";
			runOnlyForDeploymentPostprocessing = 0;
		};
/* End PBXCopyFilesBuildPhase section */

/* Begin PBXFileReference section */
		01031C0E5D44C38925F50B33 /* Pods-Project16Netease.debug.xcconfig */ = {isa = PBXFileReference; includeInIndex = 1; lastKnownFileType = text.xcconfig; name = "Pods-Project16Netease.debug.xcconfig"; path = "Pods/Target Support Files/Pods-Project16Netease/Pods-Project16Netease.debug.xcconfig"; sourceTree = "<group>"; };
		1103B0181D5D75BA0082D4BD /* ZBAdd.swift */ = {isa = PBXFileReference; fileEncoding = 4; lastKnownFileType = sourcecode.swift; path = ZBAdd.swift; sourceTree = "<group>"; };
		1103B01C1D5D9C9C0082D4BD /* HeadViewController.swift */ = {isa = PBXFileReference; fileEncoding = 4; lastKnownFileType = sourcecode.swift; path = HeadViewController.swift; sourceTree = "<group>"; };
		1103B01F1D5DA7A30082D4BD /* AddSecondItems.plist */ = {isa = PBXFileReference; fileEncoding = 4; lastKnownFileType = text.plist.xml; path = AddSecondItems.plist; sourceTree = "<group>"; };
		1107ABE61D5C55CE001339CA /* adIcon.jpg */ = {isa = PBXFileReference; lastKnownFileType = image.jpeg; path = adIcon.jpg; sourceTree = "<group>"; };
		1107ABEC1D5C6D40001339CA /* AddItemCell.swift */ = {isa = PBXFileReference; fileEncoding = 4; lastKnownFileType = sourcecode.swift; path = AddItemCell.swift; sourceTree = "<group>"; };
		1107ABEE1D5C7299001339CA /* AddFirstItems.plist */ = {isa = PBXFileReference; fileEncoding = 4; lastKnownFileType = text.plist.xml; path = AddFirstItems.plist; sourceTree = "<group>"; };
		1108A32A1D5ACA7D0026E6DC /* MessageTVC.swift */ = {isa = PBXFileReference; fileEncoding = 4; lastKnownFileType = sourcecode.swift; path = MessageTVC.swift; sourceTree = "<group>"; };
		1108A3321D5B1C920026E6DC /* AddFriendsTVC.swift */ = {isa = PBXFileReference; fileEncoding = 4; lastKnownFileType = sourcecode.swift; path = AddFriendsTVC.swift; sourceTree = "<group>"; };
		1108A3361D5B1DB20026E6DC /* FriendsMsgTVC.swift */ = {isa = PBXFileReference; fileEncoding = 4; lastKnownFileType = sourcecode.swift; path = FriendsMsgTVC.swift; sourceTree = "<group>"; };
		110D86E71D54878A00B4B352 /* Project16Netease.app */ = {isa = PBXFileReference; explicitFileType = wrapper.application; includeInIndex = 0; path = Project16Netease.app; sourceTree = BUILT_PRODUCTS_DIR; };
		110D86EA1D54878A00B4B352 /* AppDelegate.swift */ = {isa = PBXFileReference; lastKnownFileType = sourcecode.swift; path = AppDelegate.swift; sourceTree = "<group>"; };
		110D86EC1D54878A00B4B352 /* NewFeatureViewController.swift */ = {isa = PBXFileReference; lastKnownFileType = sourcecode.swift; path = NewFeatureViewController.swift; sourceTree = "<group>"; };
		110D86EF1D54878A00B4B352 /* Base */ = {isa = PBXFileReference; lastKnownFileType = file.storyboard; name = Base; path = Base.lproj/Main.storyboard; sourceTree = "<group>"; };
		110D86F11D54878A00B4B352 /* Assets.xcassets */ = {isa = PBXFileReference; lastKnownFileType = folder.assetcatalog; path = Assets.xcassets; sourceTree = "<group>"; };
		110D86F41D54878A00B4B352 /* Base */ = {isa = PBXFileReference; lastKnownFileType = file.storyboard; name = Base; path = Base.lproj/LaunchScreen.storyboard; sourceTree = "<group>"; };
		110D86F61D54878A00B4B352 /* Info.plist */ = {isa = PBXFileReference; lastKnownFileType = text.plist.xml; path = Info.plist; sourceTree = "<group>"; };
		111B9DD21D5860E90045AEDA /* MainTabbarController.swift */ = {isa = PBXFileReference; fileEncoding = 4; lastKnownFileType = sourcecode.swift; path = MainTabbarController.swift; sourceTree = "<group>"; };
		111B9DD81D5862790045AEDA /* HomeTVC.swift */ = {isa = PBXFileReference; fileEncoding = 4; lastKnownFileType = sourcecode.swift; path = HomeTVC.swift; sourceTree = "<group>"; };
		111B9DDE1D5862F60045AEDA /* MeTVC.swift */ = {isa = PBXFileReference; fileEncoding = 4; lastKnownFileType = sourcecode.swift; path = MeTVC.swift; sourceTree = "<group>"; };
		111B9DE11D58645C0045AEDA /* BaseNavCTL.swift */ = {isa = PBXFileReference; fileEncoding = 4; lastKnownFileType = sourcecode.swift; path = BaseNavCTL.swift; sourceTree = "<group>"; };
		112733B71D6EF80100C9B0C0 /* ZBStatusTool.swift */ = {isa = PBXFileReference; fileEncoding = 4; lastKnownFileType = sourcecode.swift; path = ZBStatusTool.swift; sourceTree = "<group>"; };
		112733B91D6EF80900C9B0C0 /* ZBHomeStatusesParam.swift */ = {isa = PBXFileReference; fileEncoding = 4; lastKnownFileType = sourcecode.swift; path = ZBHomeStatusesParam.swift; sourceTree = "<group>"; };
		112733BA1D6EF80900C9B0C0 /* ZBHomeStatusesResult.swift */ = {isa = PBXFileReference; fileEncoding = 4; lastKnownFileType = sourcecode.swift; path = ZBHomeStatusesResult.swift; sourceTree = "<group>"; };
		112733BB1D6EF80900C9B0C0 /* ZBStatus.swift */ = {isa = PBXFileReference; fileEncoding = 4; lastKnownFileType = sourcecode.swift; path = ZBStatus.swift; sourceTree = "<group>"; };
		112B91661D644ED300DD12D5 /* MJRefreshAutoFooter.h */ = {isa = PBXFileReference; fileEncoding = 4; lastKnownFileType = sourcecode.c.h; path = MJRefreshAutoFooter.h; sourceTree = "<group>"; };
		112B91671D644ED300DD12D5 /* MJRefreshAutoFooter.m */ = {isa = PBXFileReference; fileEncoding = 4; lastKnownFileType = sourcecode.c.objc; path = MJRefreshAutoFooter.m; sourceTree = "<group>"; };
		112B91681D644ED300DD12D5 /* MJRefreshBackFooter.h */ = {isa = PBXFileReference; fileEncoding = 4; lastKnownFileType = sourcecode.c.h; path = MJRefreshBackFooter.h; sourceTree = "<group>"; };
		112B91691D644ED300DD12D5 /* MJRefreshBackFooter.m */ = {isa = PBXFileReference; fileEncoding = 4; lastKnownFileType = sourcecode.c.objc; path = MJRefreshBackFooter.m; sourceTree = "<group>"; };
		112B916A1D644ED300DD12D5 /* MJRefreshComponent.h */ = {isa = PBXFileReference; fileEncoding = 4; lastKnownFileType = sourcecode.c.h; path = MJRefreshComponent.h; sourceTree = "<group>"; };
		112B916B1D644ED300DD12D5 /* MJRefreshComponent.m */ = {isa = PBXFileReference; fileEncoding = 4; lastKnownFileType = sourcecode.c.objc; path = MJRefreshComponent.m; sourceTree = "<group>"; };
		112B916C1D644ED300DD12D5 /* MJRefreshFooter.h */ = {isa = PBXFileReference; fileEncoding = 4; lastKnownFileType = sourcecode.c.h; path = MJRefreshFooter.h; sourceTree = "<group>"; };
		112B916D1D644ED300DD12D5 /* MJRefreshFooter.m */ = {isa = PBXFileReference; fileEncoding = 4; lastKnownFileType = sourcecode.c.objc; path = MJRefreshFooter.m; sourceTree = "<group>"; };
		112B916E1D644ED300DD12D5 /* MJRefreshHeader.h */ = {isa = PBXFileReference; fileEncoding = 4; lastKnownFileType = sourcecode.c.h; path = MJRefreshHeader.h; sourceTree = "<group>"; };
		112B916F1D644ED300DD12D5 /* MJRefreshHeader.m */ = {isa = PBXFileReference; fileEncoding = 4; lastKnownFileType = sourcecode.c.objc; path = MJRefreshHeader.m; sourceTree = "<group>"; };
		112B91731D644ED300DD12D5 /* MJRefreshAutoGifFooter.h */ = {isa = PBXFileReference; fileEncoding = 4; lastKnownFileType = sourcecode.c.h; path = MJRefreshAutoGifFooter.h; sourceTree = "<group>"; };
		112B91741D644ED300DD12D5 /* MJRefreshAutoGifFooter.m */ = {isa = PBXFileReference; fileEncoding = 4; lastKnownFileType = sourcecode.c.objc; path = MJRefreshAutoGifFooter.m; sourceTree = "<group>"; };
		112B91751D644ED300DD12D5 /* MJRefreshAutoNormalFooter.h */ = {isa = PBXFileReference; fileEncoding = 4; lastKnownFileType = sourcecode.c.h; path = MJRefreshAutoNormalFooter.h; sourceTree = "<group>"; };
		112B91761D644ED300DD12D5 /* MJRefreshAutoNormalFooter.m */ = {isa = PBXFileReference; fileEncoding = 4; lastKnownFileType = sourcecode.c.objc; path = MJRefreshAutoNormalFooter.m; sourceTree = "<group>"; };
		112B91771D644ED300DD12D5 /* MJRefreshAutoStateFooter.h */ = {isa = PBXFileReference; fileEncoding = 4; lastKnownFileType = sourcecode.c.h; path = MJRefreshAutoStateFooter.h; sourceTree = "<group>"; };
		112B91781D644ED300DD12D5 /* MJRefreshAutoStateFooter.m */ = {isa = PBXFileReference; fileEncoding = 4; lastKnownFileType = sourcecode.c.objc; path = MJRefreshAutoStateFooter.m; sourceTree = "<group>"; };
		112B917A1D644ED300DD12D5 /* MJRefreshBackGifFooter.h */ = {isa = PBXFileReference; fileEncoding = 4; lastKnownFileType = sourcecode.c.h; path = MJRefreshBackGifFooter.h; sourceTree = "<group>"; };
		112B917B1D644ED300DD12D5 /* MJRefreshBackGifFooter.m */ = {isa = PBXFileReference; fileEncoding = 4; lastKnownFileType = sourcecode.c.objc; path = MJRefreshBackGifFooter.m; sourceTree = "<group>"; };
		112B917C1D644ED300DD12D5 /* MJRefreshBackNormalFooter.h */ = {isa = PBXFileReference; fileEncoding = 4; lastKnownFileType = sourcecode.c.h; path = MJRefreshBackNormalFooter.h; sourceTree = "<group>"; };
		112B917D1D644ED300DD12D5 /* MJRefreshBackNormalFooter.m */ = {isa = PBXFileReference; fileEncoding = 4; lastKnownFileType = sourcecode.c.objc; path = MJRefreshBackNormalFooter.m; sourceTree = "<group>"; };
		112B917E1D644ED300DD12D5 /* MJRefreshBackStateFooter.h */ = {isa = PBXFileReference; fileEncoding = 4; lastKnownFileType = sourcecode.c.h; path = MJRefreshBackStateFooter.h; sourceTree = "<group>"; };
		112B917F1D644ED300DD12D5 /* MJRefreshBackStateFooter.m */ = {isa = PBXFileReference; fileEncoding = 4; lastKnownFileType = sourcecode.c.objc; path = MJRefreshBackStateFooter.m; sourceTree = "<group>"; };
		112B91811D644ED300DD12D5 /* MJRefreshGifHeader.h */ = {isa = PBXFileReference; fileEncoding = 4; lastKnownFileType = sourcecode.c.h; path = MJRefreshGifHeader.h; sourceTree = "<group>"; };
		112B91821D644ED300DD12D5 /* MJRefreshGifHeader.m */ = {isa = PBXFileReference; fileEncoding = 4; lastKnownFileType = sourcecode.c.objc; path = MJRefreshGifHeader.m; sourceTree = "<group>"; };
		112B91831D644ED300DD12D5 /* MJRefreshNormalHeader.h */ = {isa = PBXFileReference; fileEncoding = 4; lastKnownFileType = sourcecode.c.h; path = MJRefreshNormalHeader.h; sourceTree = "<group>"; };
		112B91841D644ED300DD12D5 /* MJRefreshNormalHeader.m */ = {isa = PBXFileReference; fileEncoding = 4; lastKnownFileType = sourcecode.c.objc; path = MJRefreshNormalHeader.m; sourceTree = "<group>"; };
		112B91851D644ED300DD12D5 /* MJRefreshStateHeader.h */ = {isa = PBXFileReference; fileEncoding = 4; lastKnownFileType = sourcecode.c.h; path = MJRefreshStateHeader.h; sourceTree = "<group>"; };
		112B91861D644ED300DD12D5 /* MJRefreshStateHeader.m */ = {isa = PBXFileReference; fileEncoding = 4; lastKnownFileType = sourcecode.c.objc; path = MJRefreshStateHeader.m; sourceTree = "<group>"; };
		112B91871D644ED300DD12D5 /* MJRefresh.bundle */ = {isa = PBXFileReference; lastKnownFileType = "wrapper.plug-in"; path = MJRefresh.bundle; sourceTree = "<group>"; };
		112B91881D644ED300DD12D5 /* MJRefresh.h */ = {isa = PBXFileReference; fileEncoding = 4; lastKnownFileType = sourcecode.c.h; path = MJRefresh.h; sourceTree = "<group>"; };
		112B91891D644ED300DD12D5 /* MJRefreshConst.h */ = {isa = PBXFileReference; fileEncoding = 4; lastKnownFileType = sourcecode.c.h; path = MJRefreshConst.h; sourceTree = "<group>"; };
		112B918A1D644ED300DD12D5 /* MJRefreshConst.m */ = {isa = PBXFileReference; fileEncoding = 4; lastKnownFileType = sourcecode.c.objc; path = MJRefreshConst.m; sourceTree = "<group>"; };
		112B918B1D644ED300DD12D5 /* NSBundle+MJRefresh.h */ = {isa = PBXFileReference; fileEncoding = 4; lastKnownFileType = sourcecode.c.h; path = "NSBundle+MJRefresh.h"; sourceTree = "<group>"; };
		112B918C1D644ED300DD12D5 /* NSBundle+MJRefresh.m */ = {isa = PBXFileReference; fileEncoding = 4; lastKnownFileType = sourcecode.c.objc; path = "NSBundle+MJRefresh.m"; sourceTree = "<group>"; };
		112B918D1D644ED300DD12D5 /* UIScrollView+MJExtension.h */ = {isa = PBXFileReference; fileEncoding = 4; lastKnownFileType = sourcecode.c.h; path = "UIScrollView+MJExtension.h"; sourceTree = "<group>"; };
		112B918E1D644ED300DD12D5 /* UIScrollView+MJExtension.m */ = {isa = PBXFileReference; fileEncoding = 4; lastKnownFileType = sourcecode.c.objc; path = "UIScrollView+MJExtension.m"; sourceTree = "<group>"; };
		112B918F1D644ED300DD12D5 /* UIScrollView+MJRefresh.h */ = {isa = PBXFileReference; fileEncoding = 4; lastKnownFileType = sourcecode.c.h; path = "UIScrollView+MJRefresh.h"; sourceTree = "<group>"; };
		112B91901D644ED300DD12D5 /* UIScrollView+MJRefresh.m */ = {isa = PBXFileReference; fileEncoding = 4; lastKnownFileType = sourcecode.c.objc; path = "UIScrollView+MJRefresh.m"; sourceTree = "<group>"; };
		112B91911D644ED300DD12D5 /* UIView+MJExtension.h */ = {isa = PBXFileReference; fileEncoding = 4; lastKnownFileType = sourcecode.c.h; path = "UIView+MJExtension.h"; sourceTree = "<group>"; };
		112B91921D644ED300DD12D5 /* UIView+MJExtension.m */ = {isa = PBXFileReference; fileEncoding = 4; lastKnownFileType = sourcecode.c.objc; path = "UIView+MJExtension.m"; sourceTree = "<group>"; };
		112B91B81D645CAB00DD12D5 /* Weibo_bridge.h */ = {isa = PBXFileReference; lastKnownFileType = sourcecode.c.h; path = Weibo_bridge.h; sourceTree = "<group>"; };
		112CFF9B1D740B8E00DE7D20 /* ShopCarListParam.swift */ = {isa = PBXFileReference; fileEncoding = 4; lastKnownFileType = sourcecode.swift; path = ShopCarListParam.swift; sourceTree = "<group>"; };
		112CFF9D1D740BD600DE7D20 /* ShopCarListResult.swift */ = {isa = PBXFileReference; fileEncoding = 4; lastKnownFileType = sourcecode.swift; path = ShopCarListResult.swift; sourceTree = "<group>"; };
		112CFF9F1D740C5400DE7D20 /* ShopCarTool.swift */ = {isa = PBXFileReference; fileEncoding = 4; lastKnownFileType = sourcecode.swift; path = ShopCarTool.swift; sourceTree = "<group>"; };
		112CFFDC1D7429A300DE7D20 /* PrefixHeader.swift */ = {isa = PBXFileReference; fileEncoding = 4; lastKnownFileType = sourcecode.swift; path = PrefixHeader.swift; sourceTree = "<group>"; };
		112D30981D6FEECA00779E05 /* ZBHttpTool.swift */ = {isa = PBXFileReference; fileEncoding = 4; lastKnownFileType = sourcecode.swift; path = ZBHttpTool.swift; sourceTree = "<group>"; };
		1148CA671D616778005233D3 /* SettingGroup.swift */ = {isa = PBXFileReference; fileEncoding = 4; lastKnownFileType = sourcecode.swift; path = SettingGroup.swift; sourceTree = "<group>"; };
		1148CA691D61687D005233D3 /* SettingItem.swift */ = {isa = PBXFileReference; fileEncoding = 4; lastKnownFileType = sourcecode.swift; path = SettingItem.swift; sourceTree = "<group>"; };
		1148CA6B1D616976005233D3 /* SettingArrowItem.swift */ = {isa = PBXFileReference; fileEncoding = 4; lastKnownFileType = sourcecode.swift; path = SettingArrowItem.swift; sourceTree = "<group>"; };
		1148CA6D1D616BE4005233D3 /* SettingSwitchItem.swift */ = {isa = PBXFileReference; fileEncoding = 4; lastKnownFileType = sourcecode.swift; path = SettingSwitchItem.swift; sourceTree = "<group>"; };
		1148CA6F1D619EB3005233D3 /* BaseTVC.swift */ = {isa = PBXFileReference; fileEncoding = 4; lastKnownFileType = sourcecode.swift; path = BaseTVC.swift; sourceTree = "<group>"; };
		1148CA711D61A1D3005233D3 /* NewFriendsTVC.swift */ = {isa = PBXFileReference; fileEncoding = 4; lastKnownFileType = sourcecode.swift; path = NewFriendsTVC.swift; sourceTree = "<group>"; };
		1148CA731D61A6BB005233D3 /* SettingCell.swift */ = {isa = PBXFileReference; fileEncoding = 4; lastKnownFileType = sourcecode.swift; path = SettingCell.swift; sourceTree = "<group>"; };
		1177B98C1D59B1C800610927 /* BadgeButton.swift */ = {isa = PBXFileReference; fileEncoding = 4; lastKnownFileType = sourcecode.swift; path = BadgeButton.swift; sourceTree = "<group>"; };
		1177B9941D59CA3A00610927 /* TabBarBtn.swift */ = {isa = PBXFileReference; fileEncoding = 4; lastKnownFileType = sourcecode.swift; path = TabBarBtn.swift; sourceTree = "<group>"; };
		1177B9971D59D0EB00610927 /* UIColor+RGB.swift */ = {isa = PBXFileReference; fileEncoding = 4; lastKnownFileType = sourcecode.swift; path = "UIColor+RGB.swift"; sourceTree = "<group>"; };
		1177B9991D59D0FF00610927 /* UIImage+resizeImg.swift */ = {isa = PBXFileReference; fileEncoding = 4; lastKnownFileType = sourcecode.swift; path = "UIImage+resizeImg.swift"; sourceTree = "<group>"; };
		1177B99B1D59DC1800610927 /* ZBTabBar.swift */ = {isa = PBXFileReference; fileEncoding = 4; lastKnownFileType = sourcecode.swift; path = ZBTabBar.swift; sourceTree = "<group>"; };
		11D8E0691D62B42700B664B6 /* GeneralSetTVC.swift */ = {isa = PBXFileReference; fileEncoding = 4; lastKnownFileType = sourcecode.swift; path = GeneralSetTVC.swift; sourceTree = "<group>"; };
		11D8E0711D62B66600B664B6 /* SetTableViewController.swift */ = {isa = PBXFileReference; fileEncoding = 4; lastKnownFileType = sourcecode.swift; path = SetTableViewController.swift; sourceTree = "<group>"; };
		11D8E0731D62B95200B664B6 /* SetFooterView.swift */ = {isa = PBXFileReference; fileEncoding = 4; lastKnownFileType = sourcecode.swift; path = SetFooterView.swift; sourceTree = "<group>"; };
		11EB72C11D7577BA000D9C9D /* Reflect+ArcFile.swift */ = {isa = PBXFileReference; fileEncoding = 4; lastKnownFileType = sourcecode.swift; path = "Reflect+ArcFile.swift"; sourceTree = "<group>"; };
		11EB72C31D7577BA000D9C9D /* Reflect+Parse.swift */ = {isa = PBXFileReference; fileEncoding = 4; lastKnownFileType = sourcecode.swift; path = "Reflect+Parse.swift"; sourceTree = "<group>"; };
		11EB72C51D7577BA000D9C9D /* Reflect+Convert.swift */ = {isa = PBXFileReference; fileEncoding = 4; lastKnownFileType = sourcecode.swift; path = "Reflect+Convert.swift"; sourceTree = "<group>"; };
		11EB72C71D7577BA000D9C9D /* Reflect+Class.swift */ = {isa = PBXFileReference; fileEncoding = 4; lastKnownFileType = sourcecode.swift; path = "Reflect+Class.swift"; sourceTree = "<group>"; };
		11EB72C81D7577BA000D9C9D /* Reflect+Other.swift */ = {isa = PBXFileReference; fileEncoding = 4; lastKnownFileType = sourcecode.swift; path = "Reflect+Other.swift"; sourceTree = "<group>"; };
		11EB72C91D7577BA000D9C9D /* Reflect+Property.swift */ = {isa = PBXFileReference; fileEncoding = 4; lastKnownFileType = sourcecode.swift; path = "Reflect+Property.swift"; sourceTree = "<group>"; };
		11EB72CA1D7577BA000D9C9D /* Reflect+Type.swift */ = {isa = PBXFileReference; fileEncoding = 4; lastKnownFileType = sourcecode.swift; path = "Reflect+Type.swift"; sourceTree = "<group>"; };
		11EB72CB1D7577BA000D9C9D /* Reflect.swift */ = {isa = PBXFileReference; fileEncoding = 4; lastKnownFileType = sourcecode.swift; path = Reflect.swift; sourceTree = "<group>"; };
		11EB72D41D757C7F000D9C9D /* ShopCarGoodsItem.swift */ = {isa = PBXFileReference; fileEncoding = 4; lastKnownFileType = sourcecode.swift; path = ShopCarGoodsItem.swift; sourceTree = "<group>"; };
		11FC6A641D767CE8008D13B5 /* MBProgressHUD+MJ.h */ = {isa = PBXFileReference; fileEncoding = 4; lastKnownFileType = sourcecode.c.h; path = "MBProgressHUD+MJ.h"; sourceTree = "<group>"; };
		11FC6A651D767CE8008D13B5 /* MBProgressHUD+MJ.m */ = {isa = PBXFileReference; fileEncoding = 4; lastKnownFileType = sourcecode.c.objc; path = "MBProgressHUD+MJ.m"; sourceTree = "<group>"; };
		11FC6A661D767CE8008D13B5 /* MBProgressHUD.h */ = {isa = PBXFileReference; fileEncoding = 4; lastKnownFileType = sourcecode.c.h; path = MBProgressHUD.h; sourceTree = "<group>"; };
		11FC6A671D767CE8008D13B5 /* MBProgressHUD.m */ = {isa = PBXFileReference; fileEncoding = 4; lastKnownFileType = sourcecode.c.objc; path = MBProgressHUD.m; sourceTree = "<group>"; };
		11FC6A711D76824B008D13B5 /* DiscoveryVC.swift */ = {isa = PBXFileReference; fileEncoding = 4; lastKnownFileType = sourcecode.swift; path = DiscoveryVC.swift; sourceTree = "<group>"; };
		83451895CAE7E28BCBF6C4FB /* Pods-Project16Netease.release.xcconfig */ = {isa = PBXFileReference; includeInIndex = 1; lastKnownFileType = text.xcconfig; name = "Pods-Project16Netease.release.xcconfig"; path = "Pods/Target Support Files/Pods-Project16Netease/Pods-Project16Netease.release.xcconfig"; sourceTree = "<group>"; };
		CE873CF5F5661752E7E85176 /* Pods_Project16Netease.framework */ = {isa = PBXFileReference; explicitFileType = wrapper.framework; includeInIndex = 0; path = Pods_Project16Netease.framework; sourceTree = BUILT_PRODUCTS_DIR; };
/* End PBXFileReference section */

/* Begin PBXFrameworksBuildPhase section */
		110D86E41D54878A00B4B352 /* Frameworks */ = {
			isa = PBXFrameworksBuildPhase;
			buildActionMask = 2147483647;
			files = (
				64CD2F51B0DC59227DFCDB92 /* Pods_Project16Netease.framework in Frameworks */,
			);
			runOnlyForDeploymentPostprocessing = 0;
		};
/* End PBXFrameworksBuildPhase section */

/* Begin PBXGroup section */
		1103B0281D5DC7450082D4BD /* Resources */ = {
			isa = PBXGroup;
			children = (
				1107ABE61D5C55CE001339CA /* adIcon.jpg */,
				1107ABEE1D5C7299001339CA /* AddFirstItems.plist */,
				1103B01F1D5DA7A30082D4BD /* AddSecondItems.plist */,
			);
			name = Resources;
			sourceTree = "<group>";
		};
		1108A3251D5ACA360026E6DC /* Message */ = {
			isa = PBXGroup;
			children = (
				112CFF931D740B0500DE7D20 /* Tools */,
				1108A3291D5ACA620026E6DC /* Views */,
				1108A3281D5ACA590026E6DC /* Controllers */,
				1108A3271D5ACA520026E6DC /* Models */,
			);
			name = Message;
			sourceTree = "<group>";
		};
		1108A3271D5ACA520026E6DC /* Models */ = {
			isa = PBXGroup;
			children = (
				11EB72D41D757C7F000D9C9D /* ShopCarGoodsItem.swift */,
				112CFF9B1D740B8E00DE7D20 /* ShopCarListParam.swift */,
				112CFF9D1D740BD600DE7D20 /* ShopCarListResult.swift */,
			);
			name = Models;
			sourceTree = "<group>";
		};
		1108A3281D5ACA590026E6DC /* Controllers */ = {
			isa = PBXGroup;
			children = (
				1108A32A1D5ACA7D0026E6DC /* MessageTVC.swift */,
			);
			name = Controllers;
			sourceTree = "<group>";
		};
		1108A3291D5ACA620026E6DC /* Views */ = {
			isa = PBXGroup;
			children = (
			);
			name = Views;
			sourceTree = "<group>";
		};
		1108A32C1D5ACA8D0026E6DC /* Discovery */ = {
			isa = PBXGroup;
			children = (
				1108A32F1D5ACAA60026E6DC /* Controllers */,
				1108A32E1D5ACAA10026E6DC /* Models */,
				1108A32D1D5ACA9C0026E6DC /* Views */,
			);
			name = Discovery;
			sourceTree = "<group>";
		};
		1108A32D1D5ACA9C0026E6DC /* Views */ = {
			isa = PBXGroup;
			children = (
			);
			name = Views;
			sourceTree = "<group>";
		};
		1108A32E1D5ACAA10026E6DC /* Models */ = {
			isa = PBXGroup;
			children = (
			);
			name = Models;
			sourceTree = "<group>";
		};
		1108A32F1D5ACAA60026E6DC /* Controllers */ = {
			isa = PBXGroup;
			children = (
				11FC6A711D76824B008D13B5 /* DiscoveryVC.swift */,
			);
			name = Controllers;
			sourceTree = "<group>";
		};
		110D86DE1D54878A00B4B352 = {
			isa = PBXGroup;
			children = (
				110D86E91D54878A00B4B352 /* Project16Netease */,
				110D86E81D54878A00B4B352 /* Products */,
				1841350CFD7F18205B59C707 /* Pods */,
				A9B981388CDDD5B663F10DED /* Frameworks */,
			);
			sourceTree = "<group>";
		};
		110D86E81D54878A00B4B352 /* Products */ = {
			isa = PBXGroup;
			children = (
				110D86E71D54878A00B4B352 /* Project16Netease.app */,
			);
			name = Products;
			sourceTree = "<group>";
		};
		110D86E91D54878A00B4B352 /* Project16Netease */ = {
			isa = PBXGroup;
			children = (
				110D86FD1D549AAA00B4B352 /* Other */,
				110D86FC1D549AA400B4B352 /* Classes */,
			);
			path = Project16Netease;
			sourceTree = "<group>";
		};
		110D86FC1D549AA400B4B352 /* Classes */ = {
			isa = PBXGroup;
			children = (
				11FAFE881D5C4CF3007D8CF9 /* Add */,
				1108A32C1D5ACA8D0026E6DC /* Discovery */,
				1108A3251D5ACA360026E6DC /* Message */,
				111B9DDA1D5862C00045AEDA /* Me */,
				111B9DD41D58622F0045AEDA /* Home */,
				111B9DCE1D5860650045AEDA /* Main */,
				111B9DCD1D5860520045AEDA /* Feature */,
			);
			name = Classes;
			sourceTree = "<group>";
		};
		110D86FD1D549AAA00B4B352 /* Other */ = {
			isa = PBXGroup;
			children = (
				112D30941D6FEBDA00779E05 /* Tools */,
				1103B0281D5DC7450082D4BD /* Resources */,
				1177B98E1D59BD6800610927 /* Catogory */,
				1142345F1D5985E400274CC4 /* ThirdParty */,
				110D86EE1D54878A00B4B352 /* Main.storyboard */,
				110D86F11D54878A00B4B352 /* Assets.xcassets */,
				110D86F31D54878A00B4B352 /* LaunchScreen.storyboard */,
				110D86F61D54878A00B4B352 /* Info.plist */,
				110D86EA1D54878A00B4B352 /* AppDelegate.swift */,
				112B91B81D645CAB00DD12D5 /* Weibo_bridge.h */,
				112CFFDC1D7429A300DE7D20 /* PrefixHeader.swift */,
			);
			name = Other;
			sourceTree = "<group>";
		};
		110D86FE1D549AC500B4B352 /* Views */ = {
			isa = PBXGroup;
			children = (
			);
			name = Views;
			sourceTree = "<group>";
		};
		110D86FF1D549ACA00B4B352 /* Models */ = {
			isa = PBXGroup;
			children = (
			);
			name = Models;
			sourceTree = "<group>";
		};
		110D87001D549ACF00B4B352 /* Controllers */ = {
			isa = PBXGroup;
			children = (
				110D86EC1D54878A00B4B352 /* NewFeatureViewController.swift */,
			);
			name = Controllers;
			sourceTree = "<group>";
		};
		111B9DCD1D5860520045AEDA /* Feature */ = {
			isa = PBXGroup;
			children = (
				110D87001D549ACF00B4B352 /* Controllers */,
				110D86FF1D549ACA00B4B352 /* Models */,
				110D86FE1D549AC500B4B352 /* Views */,
			);
			name = Feature;
			sourceTree = "<group>";
		};
		111B9DCE1D5860650045AEDA /* Main */ = {
			isa = PBXGroup;
			children = (
				111B9DD11D58608A0045AEDA /* Models */,
				111B9DD01D5860860045AEDA /* Views */,
				111B9DCF1D5860800045AEDA /* Controllers */,
			);
			name = Main;
			sourceTree = "<group>";
		};
		111B9DCF1D5860800045AEDA /* Controllers */ = {
			isa = PBXGroup;
			children = (
				111B9DD21D5860E90045AEDA /* MainTabbarController.swift */,
				111B9DE11D58645C0045AEDA /* BaseNavCTL.swift */,
			);
			name = Controllers;
			sourceTree = "<group>";
		};
		111B9DD01D5860860045AEDA /* Views */ = {
			isa = PBXGroup;
			children = (
				1177B98C1D59B1C800610927 /* BadgeButton.swift */,
				1177B9941D59CA3A00610927 /* TabBarBtn.swift */,
				1177B99B1D59DC1800610927 /* ZBTabBar.swift */,
			);
			name = Views;
			sourceTree = "<group>";
		};
		111B9DD11D58608A0045AEDA /* Models */ = {
			isa = PBXGroup;
			children = (
			);
			name = Models;
			sourceTree = "<group>";
		};
		111B9DD41D58622F0045AEDA /* Home */ = {
			isa = PBXGroup;
			children = (
				112733B61D6EF7F600C9B0C0 /* Tools */,
				111B9DD71D5862580045AEDA /* Models */,
				111B9DD61D5862520045AEDA /* Controllers */,
				111B9DD51D58624C0045AEDA /* Views */,
			);
			name = Home;
			sourceTree = "<group>";
		};
		111B9DD51D58624C0045AEDA /* Views */ = {
			isa = PBXGroup;
			children = (
			);
			name = Views;
			sourceTree = "<group>";
		};
		111B9DD61D5862520045AEDA /* Controllers */ = {
			isa = PBXGroup;
			children = (
				111B9DD81D5862790045AEDA /* HomeTVC.swift */,
				1108A3321D5B1C920026E6DC /* AddFriendsTVC.swift */,
				1108A3361D5B1DB20026E6DC /* FriendsMsgTVC.swift */,
			);
			name = Controllers;
			sourceTree = "<group>";
		};
		111B9DD71D5862580045AEDA /* Models */ = {
			isa = PBXGroup;
			children = (
				112733B91D6EF80900C9B0C0 /* ZBHomeStatusesParam.swift */,
				112733BA1D6EF80900C9B0C0 /* ZBHomeStatusesResult.swift */,
				112733BB1D6EF80900C9B0C0 /* ZBStatus.swift */,
			);
			name = Models;
			sourceTree = "<group>";
		};
		111B9DDA1D5862C00045AEDA /* Me */ = {
			isa = PBXGroup;
			children = (
				112B91181D63F9FE00DD12D5 /* Set */,
				112B91171D63F9EB00DD12D5 /* Me */,
			);
			name = Me;
			sourceTree = "<group>";
		};
		112733B61D6EF7F600C9B0C0 /* Tools */ = {
			isa = PBXGroup;
			children = (
				112733B71D6EF80100C9B0C0 /* ZBStatusTool.swift */,
			);
			name = Tools;
			sourceTree = "<group>";
		};
		112B91171D63F9EB00DD12D5 /* Me */ = {
			isa = PBXGroup;
			children = (
				112B911B1D63FA2200DD12D5 /* Controllers */,
				112B911A1D63FA1A00DD12D5 /* Models */,
				112B91191D63FA1100DD12D5 /* Views */,
			);
			name = Me;
			sourceTree = "<group>";
		};
		112B91181D63F9FE00DD12D5 /* Set */ = {
			isa = PBXGroup;
			children = (
				112B911E1D63FA3300DD12D5 /* Controllers */,
				112B911D1D63FA2E00DD12D5 /* Models */,
				112B911C1D63FA2A00DD12D5 /* Views */,
			);
			name = Set;
			sourceTree = "<group>";
		};
		112B91191D63FA1100DD12D5 /* Views */ = {
			isa = PBXGroup;
			children = (
			);
			name = Views;
			sourceTree = "<group>";
		};
		112B911A1D63FA1A00DD12D5 /* Models */ = {
			isa = PBXGroup;
			children = (
				1148CA671D616778005233D3 /* SettingGroup.swift */,
				1148CA691D61687D005233D3 /* SettingItem.swift */,
				1148CA6B1D616976005233D3 /* SettingArrowItem.swift */,
				1148CA6D1D616BE4005233D3 /* SettingSwitchItem.swift */,
			);
			name = Models;
			sourceTree = "<group>";
		};
		112B911B1D63FA2200DD12D5 /* Controllers */ = {
			isa = PBXGroup;
			children = (
				1148CA711D61A1D3005233D3 /* NewFriendsTVC.swift */,
				1148CA6F1D619EB3005233D3 /* BaseTVC.swift */,
				111B9DDE1D5862F60045AEDA /* MeTVC.swift */,
			);
			name = Controllers;
			sourceTree = "<group>";
		};
		112B911C1D63FA2A00DD12D5 /* Views */ = {
			isa = PBXGroup;
			children = (
				1148CA731D61A6BB005233D3 /* SettingCell.swift */,
				11D8E0731D62B95200B664B6 /* SetFooterView.swift */,
			);
			name = Views;
			sourceTree = "<group>";
		};
		112B911D1D63FA2E00DD12D5 /* Models */ = {
			isa = PBXGroup;
			children = (
			);
			name = Models;
			sourceTree = "<group>";
		};
		112B911E1D63FA3300DD12D5 /* Controllers */ = {
			isa = PBXGroup;
			children = (
				11D8E0711D62B66600B664B6 /* SetTableViewController.swift */,
				11D8E0691D62B42700B664B6 /* GeneralSetTVC.swift */,
			);
			name = Controllers;
			sourceTree = "<group>";
		};
		112B91641D644ED300DD12D5 /* MJRefresh */ = {
			isa = PBXGroup;
			children = (
				112B91651D644ED300DD12D5 /* Base */,
				112B91701D644ED300DD12D5 /* Custom */,
				112B91871D644ED300DD12D5 /* MJRefresh.bundle */,
				112B91881D644ED300DD12D5 /* MJRefresh.h */,
				112B91891D644ED300DD12D5 /* MJRefreshConst.h */,
				112B918A1D644ED300DD12D5 /* MJRefreshConst.m */,
				112B918B1D644ED300DD12D5 /* NSBundle+MJRefresh.h */,
				112B918C1D644ED300DD12D5 /* NSBundle+MJRefresh.m */,
				112B918D1D644ED300DD12D5 /* UIScrollView+MJExtension.h */,
				112B918E1D644ED300DD12D5 /* UIScrollView+MJExtension.m */,
				112B918F1D644ED300DD12D5 /* UIScrollView+MJRefresh.h */,
				112B91901D644ED300DD12D5 /* UIScrollView+MJRefresh.m */,
				112B91911D644ED300DD12D5 /* UIView+MJExtension.h */,
				112B91921D644ED300DD12D5 /* UIView+MJExtension.m */,
			);
			path = MJRefresh;
			sourceTree = "<group>";
		};
		112B91651D644ED300DD12D5 /* Base */ = {
			isa = PBXGroup;
			children = (
				112B91661D644ED300DD12D5 /* MJRefreshAutoFooter.h */,
				112B91671D644ED300DD12D5 /* MJRefreshAutoFooter.m */,
				112B91681D644ED300DD12D5 /* MJRefreshBackFooter.h */,
				112B91691D644ED300DD12D5 /* MJRefreshBackFooter.m */,
				112B916A1D644ED300DD12D5 /* MJRefreshComponent.h */,
				112B916B1D644ED300DD12D5 /* MJRefreshComponent.m */,
				112B916C1D644ED300DD12D5 /* MJRefreshFooter.h */,
				112B916D1D644ED300DD12D5 /* MJRefreshFooter.m */,
				112B916E1D644ED300DD12D5 /* MJRefreshHeader.h */,
				112B916F1D644ED300DD12D5 /* MJRefreshHeader.m */,
			);
			path = Base;
			sourceTree = "<group>";
		};
		112B91701D644ED300DD12D5 /* Custom */ = {
			isa = PBXGroup;
			children = (
				112B91711D644ED300DD12D5 /* Footer */,
				112B91801D644ED300DD12D5 /* Header */,
			);
			path = Custom;
			sourceTree = "<group>";
		};
		112B91711D644ED300DD12D5 /* Footer */ = {
			isa = PBXGroup;
			children = (
				112B91721D644ED300DD12D5 /* Auto */,
				112B91791D644ED300DD12D5 /* Back */,
			);
			path = Footer;
			sourceTree = "<group>";
		};
		112B91721D644ED300DD12D5 /* Auto */ = {
			isa = PBXGroup;
			children = (
				112B91731D644ED300DD12D5 /* MJRefreshAutoGifFooter.h */,
				112B91741D644ED300DD12D5 /* MJRefreshAutoGifFooter.m */,
				112B91751D644ED300DD12D5 /* MJRefreshAutoNormalFooter.h */,
				112B91761D644ED300DD12D5 /* MJRefreshAutoNormalFooter.m */,
				112B91771D644ED300DD12D5 /* MJRefreshAutoStateFooter.h */,
				112B91781D644ED300DD12D5 /* MJRefreshAutoStateFooter.m */,
			);
			path = Auto;
			sourceTree = "<group>";
		};
		112B91791D644ED300DD12D5 /* Back */ = {
			isa = PBXGroup;
			children = (
				112B917A1D644ED300DD12D5 /* MJRefreshBackGifFooter.h */,
				112B917B1D644ED300DD12D5 /* MJRefreshBackGifFooter.m */,
				112B917C1D644ED300DD12D5 /* MJRefreshBackNormalFooter.h */,
				112B917D1D644ED300DD12D5 /* MJRefreshBackNormalFooter.m */,
				112B917E1D644ED300DD12D5 /* MJRefreshBackStateFooter.h */,
				112B917F1D644ED300DD12D5 /* MJRefreshBackStateFooter.m */,
			);
			path = Back;
			sourceTree = "<group>";
		};
		112B91801D644ED300DD12D5 /* Header */ = {
			isa = PBXGroup;
			children = (
				112B91811D644ED300DD12D5 /* MJRefreshGifHeader.h */,
				112B91821D644ED300DD12D5 /* MJRefreshGifHeader.m */,
				112B91831D644ED300DD12D5 /* MJRefreshNormalHeader.h */,
				112B91841D644ED300DD12D5 /* MJRefreshNormalHeader.m */,
				112B91851D644ED300DD12D5 /* MJRefreshStateHeader.h */,
				112B91861D644ED300DD12D5 /* MJRefreshStateHeader.m */,
			);
			path = Header;
			sourceTree = "<group>";
		};
		112CFF931D740B0500DE7D20 /* Tools */ = {
			isa = PBXGroup;
			children = (
				112CFF9F1D740C5400DE7D20 /* ShopCarTool.swift */,
			);
			name = Tools;
			sourceTree = "<group>";
		};
		112D30941D6FEBDA00779E05 /* Tools */ = {
			isa = PBXGroup;
			children = (
				112D30981D6FEECA00779E05 /* ZBHttpTool.swift */,
			);
			name = Tools;
			sourceTree = "<group>";
		};
		1142345F1D5985E400274CC4 /* ThirdParty */ = {
			isa = PBXGroup;
			children = (
				11FC6A631D767CE8008D13B5 /* MBProgressHUD */,
				11EB72BF1D7577BA000D9C9D /* Reflect */,
				112B91641D644ED300DD12D5 /* MJRefresh */,
			);
			name = ThirdParty;
			sourceTree = "<group>";
		};
		1177B98E1D59BD6800610927 /* Catogory */ = {
			isa = PBXGroup;
			children = (
				1177B9991D59D0FF00610927 /* UIImage+resizeImg.swift */,
				1177B9971D59D0EB00610927 /* UIColor+RGB.swift */,
			);
			name = Catogory;
			sourceTree = "<group>";
		};
		11EB72BF1D7577BA000D9C9D /* Reflect */ = {
			isa = PBXGroup;
			children = (
				11EB72C01D7577BA000D9C9D /* Coding */,
				11EB72C21D7577BA000D9C9D /* Dict2Model */,
				11EB72C41D7577BA000D9C9D /* Model2Dict */,
				11EB72C61D7577BA000D9C9D /* Reflect */,
				11EB72CB1D7577BA000D9C9D /* Reflect.swift */,
			);
			path = Reflect;
			sourceTree = "<group>";
		};
		11EB72C01D7577BA000D9C9D /* Coding */ = {
			isa = PBXGroup;
			children = (
				11EB72C11D7577BA000D9C9D /* Reflect+ArcFile.swift */,
			);
			path = Coding;
			sourceTree = "<group>";
		};
		11EB72C21D7577BA000D9C9D /* Dict2Model */ = {
			isa = PBXGroup;
			children = (
				11EB72C31D7577BA000D9C9D /* Reflect+Parse.swift */,
			);
			path = Dict2Model;
			sourceTree = "<group>";
		};
		11EB72C41D7577BA000D9C9D /* Model2Dict */ = {
			isa = PBXGroup;
			children = (
				11EB72C51D7577BA000D9C9D /* Reflect+Convert.swift */,
			);
			path = Model2Dict;
			sourceTree = "<group>";
		};
		11EB72C61D7577BA000D9C9D /* Reflect */ = {
			isa = PBXGroup;
			children = (
				11EB72C71D7577BA000D9C9D /* Reflect+Class.swift */,
				11EB72C81D7577BA000D9C9D /* Reflect+Other.swift */,
				11EB72C91D7577BA000D9C9D /* Reflect+Property.swift */,
				11EB72CA1D7577BA000D9C9D /* Reflect+Type.swift */,
			);
			path = Reflect;
			sourceTree = "<group>";
		};
		11FAFE881D5C4CF3007D8CF9 /* Add */ = {
			isa = PBXGroup;
			children = (
				11FAFE8B1D5C4D1D007D8CF9 /* Controllers */,
				11FAFE8A1D5C4D17007D8CF9 /* Models */,
				11FAFE891D5C4D0F007D8CF9 /* Views */,
			);
			name = Add;
			sourceTree = "<group>";
		};
		11FAFE891D5C4D0F007D8CF9 /* Views */ = {
			isa = PBXGroup;
			children = (
				1103B0181D5D75BA0082D4BD /* ZBAdd.swift */,
				1107ABEC1D5C6D40001339CA /* AddItemCell.swift */,
			);
			name = Views;
			sourceTree = "<group>";
		};
		11FAFE8A1D5C4D17007D8CF9 /* Models */ = {
			isa = PBXGroup;
			children = (
			);
			name = Models;
			sourceTree = "<group>";
		};
		11FAFE8B1D5C4D1D007D8CF9 /* Controllers */ = {
			isa = PBXGroup;
			children = (
				1103B01C1D5D9C9C0082D4BD /* HeadViewController.swift */,
			);
			name = Controllers;
			sourceTree = "<group>";
		};
		11FC6A631D767CE8008D13B5 /* MBProgressHUD */ = {
			isa = PBXGroup;
			children = (
				11FC6A641D767CE8008D13B5 /* MBProgressHUD+MJ.h */,
				11FC6A651D767CE8008D13B5 /* MBProgressHUD+MJ.m */,
				11FC6A661D767CE8008D13B5 /* MBProgressHUD.h */,
				11FC6A671D767CE8008D13B5 /* MBProgressHUD.m */,
			);
			path = MBProgressHUD;
			sourceTree = "<group>";
		};
		1841350CFD7F18205B59C707 /* Pods */ = {
			isa = PBXGroup;
			children = (
				01031C0E5D44C38925F50B33 /* Pods-Project16Netease.debug.xcconfig */,
				83451895CAE7E28BCBF6C4FB /* Pods-Project16Netease.release.xcconfig */,
			);
			name = Pods;
			sourceTree = "<group>";
		};
		A9B981388CDDD5B663F10DED /* Frameworks */ = {
			isa = PBXGroup;
			children = (
				CE873CF5F5661752E7E85176 /* Pods_Project16Netease.framework */,
			);
			name = Frameworks;
			sourceTree = "<group>";
		};
/* End PBXGroup section */

/* Begin PBXNativeTarget section */
		110D86E61D54878A00B4B352 /* Project16Netease */ = {
			isa = PBXNativeTarget;
			buildConfigurationList = 110D86F91D54878A00B4B352 /* Build configuration list for PBXNativeTarget "Project16Netease" */;
			buildPhases = (
				A4769571C4C1601A354AB85C /* [CP] Check Pods Manifest.lock */,
				110D86E31D54878A00B4B352 /* Sources */,
				110D86E41D54878A00B4B352 /* Frameworks */,
				110D86E51D54878A00B4B352 /* Resources */,
				112D30B71D7018B500779E05 /* Embed Frameworks */,
				D1D075320A2DD14E12371E9F /* [CP] Embed Pods Frameworks */,
				9E767B8F46F0ED1FE4B6AE60 /* [CP] Copy Pods Resources */,
			);
			buildRules = (
			);
			dependencies = (
			);
			name = Project16Netease;
			productName = "Project - 16 仿网易彩票客户端";
			productReference = 110D86E71D54878A00B4B352 /* Project16Netease.app */;
			productType = "com.apple.product-type.application";
		};
/* End PBXNativeTarget section */

/* Begin PBXProject section */
		110D86DF1D54878A00B4B352 /* Project object */ = {
			isa = PBXProject;
			attributes = {
				LastSwiftUpdateCheck = 0730;
				LastUpgradeCheck = 0820;
				ORGANIZATIONNAME = szgyzb;
				TargetAttributes = {
					110D86E61D54878A00B4B352 = {
						CreatedOnToolsVersion = 7.3.1;
						LastSwiftMigration = 0820;
					};
				};
			};
			buildConfigurationList = 110D86E21D54878A00B4B352 /* Build configuration list for PBXProject "Project16Netease" */;
			compatibilityVersion = "Xcode 3.2";
			developmentRegion = English;
			hasScannedForEncodings = 0;
			knownRegions = (
				en,
				Base,
			);
			mainGroup = 110D86DE1D54878A00B4B352;
			productRefGroup = 110D86E81D54878A00B4B352 /* Products */;
			projectDirPath = "";
			projectRoot = "";
			targets = (
				110D86E61D54878A00B4B352 /* Project16Netease */,
			);
		};
/* End PBXProject section */

/* Begin PBXResourcesBuildPhase section */
		110D86E51D54878A00B4B352 /* Resources */ = {
			isa = PBXResourcesBuildPhase;
			buildActionMask = 2147483647;
			files = (
				110D86F51D54878A00B4B352 /* LaunchScreen.storyboard in Resources */,
				110D86F21D54878A00B4B352 /* Assets.xcassets in Resources */,
				112B91A11D644ED300DD12D5 /* MJRefresh.bundle in Resources */,
				1103B0201D5DA7A30082D4BD /* AddSecondItems.plist in Resources */,
				110D86F01D54878A00B4B352 /* Main.storyboard in Resources */,
				1107ABE71D5C55CE001339CA /* adIcon.jpg in Resources */,
				1107ABEF1D5C7299001339CA /* AddFirstItems.plist in Resources */,
			);
			runOnlyForDeploymentPostprocessing = 0;
		};
/* End PBXResourcesBuildPhase section */

/* Begin PBXShellScriptBuildPhase section */
		9E767B8F46F0ED1FE4B6AE60 /* [CP] Copy Pods Resources */ = {
			isa = PBXShellScriptBuildPhase;
			buildActionMask = 2147483647;
			files = (
			);
			inputPaths = (
			);
			name = "[CP] Copy Pods Resources";
			outputPaths = (
			);
			runOnlyForDeploymentPostprocessing = 0;
			shellPath = /bin/sh;
			shellScript = "\"${SRCROOT}/Pods/Target Support Files/Pods-Project16Netease/Pods-Project16Netease-resources.sh\"\n";
			showEnvVarsInLog = 0;
		};
		A4769571C4C1601A354AB85C /* [CP] Check Pods Manifest.lock */ = {
			isa = PBXShellScriptBuildPhase;
			buildActionMask = 2147483647;
			files = (
			);
			inputPaths = (
			);
			name = "[CP] Check Pods Manifest.lock";
			outputPaths = (
			);
			runOnlyForDeploymentPostprocessing = 0;
			shellPath = /bin/sh;
			shellScript = "diff \"${PODS_ROOT}/../Podfile.lock\" \"${PODS_ROOT}/Manifest.lock\" > /dev/null\nif [ $? != 0 ] ; then\n    # print error to STDERR\n    echo \"error: The sandbox is not in sync with the Podfile.lock. Run 'pod install' or update your CocoaPods installation.\" >&2\n    exit 1\nfi\n";
			showEnvVarsInLog = 0;
		};
		D1D075320A2DD14E12371E9F /* [CP] Embed Pods Frameworks */ = {
			isa = PBXShellScriptBuildPhase;
			buildActionMask = 2147483647;
			files = (
			);
			inputPaths = (
			);
			name = "[CP] Embed Pods Frameworks";
			outputPaths = (
			);
			runOnlyForDeploymentPostprocessing = 0;
			shellPath = /bin/sh;
			shellScript = "\"${SRCROOT}/Pods/Target Support Files/Pods-Project16Netease/Pods-Project16Netease-frameworks.sh\"\n";
			showEnvVarsInLog = 0;
		};
/* End PBXShellScriptBuildPhase section */

/* Begin PBXSourcesBuildPhase section */
		110D86E31D54878A00B4B352 /* Sources */ = {
			isa = PBXSourcesBuildPhase;
			buildActionMask = 2147483647;
			files = (
				1177B9951D59CA3A00610927 /* TabBarBtn.swift in Sources */,
				112733BD1D6EF80900C9B0C0 /* ZBHomeStatusesResult.swift in Sources */,
				112B91981D644ED300DD12D5 /* MJRefreshAutoGifFooter.m in Sources */,
				112B919D1D644ED300DD12D5 /* MJRefreshBackStateFooter.m in Sources */,
				11EB72D11D7577BA000D9C9D /* Reflect+Property.swift in Sources */,
				112B91961D644ED300DD12D5 /* MJRefreshFooter.m in Sources */,
				112733BC1D6EF80900C9B0C0 /* ZBHomeStatusesParam.swift in Sources */,
				1177B9981D59D0EB00610927 /* UIColor+RGB.swift in Sources */,
				11EB72CD1D7577BA000D9C9D /* Reflect+Parse.swift in Sources */,
				111B9DDF1D5862F60045AEDA /* MeTVC.swift in Sources */,
				112B91931D644ED300DD12D5 /* MJRefreshAutoFooter.m in Sources */,
				112D30991D6FEECA00779E05 /* ZBHttpTool.swift in Sources */,
				11FC6A691D767CE8008D13B5 /* MBProgressHUD.m in Sources */,
				1108A3331D5B1C920026E6DC /* AddFriendsTVC.swift in Sources */,
				112B91A61D644ED300DD12D5 /* UIView+MJExtension.m in Sources */,
				1103B0191D5D75BA0082D4BD /* ZBAdd.swift in Sources */,
				112B91A41D644ED300DD12D5 /* UIScrollView+MJExtension.m in Sources */,
				112733B81D6EF80100C9B0C0 /* ZBStatusTool.swift in Sources */,
				112B919A1D644ED300DD12D5 /* MJRefreshAutoStateFooter.m in Sources */,
				11FC6A721D76824B008D13B5 /* DiscoveryVC.swift in Sources */,
				1148CA681D616778005233D3 /* SettingGroup.swift in Sources */,
				110D86ED1D54878A00B4B352 /* NewFeatureViewController.swift in Sources */,
				11EB72D51D757C7F000D9C9D /* ShopCarGoodsItem.swift in Sources */,
				1148CA701D619EB3005233D3 /* BaseTVC.swift in Sources */,
				112B91971D644ED300DD12D5 /* MJRefreshHeader.m in Sources */,
				1148CA721D61A1D3005233D3 /* NewFriendsTVC.swift in Sources */,
				112B91A31D644ED300DD12D5 /* NSBundle+MJRefresh.m in Sources */,
				1177B99C1D59DC1800610927 /* ZBTabBar.swift in Sources */,
				112B91A51D644ED300DD12D5 /* UIScrollView+MJRefresh.m in Sources */,
				1108A3371D5B1DB20026E6DC /* FriendsMsgTVC.swift in Sources */,
				1148CA6E1D616BE4005233D3 /* SettingSwitchItem.swift in Sources */,
				11D8E0741D62B95200B664B6 /* SetFooterView.swift in Sources */,
				1177B99A1D59D0FF00610927 /* UIImage+resizeImg.swift in Sources */,
				1107ABED1D5C6D40001339CA /* AddItemCell.swift in Sources */,
				1177B98D1D59B1C800610927 /* BadgeButton.swift in Sources */,
				112B919C1D644ED300DD12D5 /* MJRefreshBackNormalFooter.m in Sources */,
				112CFFDD1D7429A300DE7D20 /* PrefixHeader.swift in Sources */,
				11EB72CE1D7577BA000D9C9D /* Reflect+Convert.swift in Sources */,
				11D8E06B1D62B42700B664B6 /* GeneralSetTVC.swift in Sources */,
				112B91941D644ED300DD12D5 /* MJRefreshBackFooter.m in Sources */,
				1148CA6C1D616976005233D3 /* SettingArrowItem.swift in Sources */,
				112733BE1D6EF80900C9B0C0 /* ZBStatus.swift in Sources */,
				1148CA6A1D61687D005233D3 /* SettingItem.swift in Sources */,
				11EB72D21D7577BA000D9C9D /* Reflect+Type.swift in Sources */,
				112B919E1D644ED300DD12D5 /* MJRefreshGifHeader.m in Sources */,
				1148CA741D61A6BB005233D3 /* SettingCell.swift in Sources */,
				112B91991D644ED300DD12D5 /* MJRefreshAutoNormalFooter.m in Sources */,
				11EB72D31D7577BA000D9C9D /* Reflect.swift in Sources */,
				112B919B1D644ED300DD12D5 /* MJRefreshBackGifFooter.m in Sources */,
				11D8E0721D62B66600B664B6 /* SetTableViewController.swift in Sources */,
				11EB72CC1D7577BA000D9C9D /* Reflect+ArcFile.swift in Sources */,
				1103B01D1D5D9C9C0082D4BD /* HeadViewController.swift in Sources */,
				112CFFA01D740C5400DE7D20 /* ShopCarTool.swift in Sources */,
				11EB72D01D7577BA000D9C9D /* Reflect+Other.swift in Sources */,
				111B9DE21D58645C0045AEDA /* BaseNavCTL.swift in Sources */,
				110D86EB1D54878A00B4B352 /* AppDelegate.swift in Sources */,
				1108A32B1D5ACA7D0026E6DC /* MessageTVC.swift in Sources */,
				112CFF9C1D740B8E00DE7D20 /* ShopCarListParam.swift in Sources */,
				11EB72CF1D7577BA000D9C9D /* Reflect+Class.swift in Sources */,
				112B91A01D644ED300DD12D5 /* MJRefreshStateHeader.m in Sources */,
				111B9DD91D5862790045AEDA /* HomeTVC.swift in Sources */,
				11FC6A681D767CE8008D13B5 /* MBProgressHUD+MJ.m in Sources */,
				112B91A21D644ED300DD12D5 /* MJRefreshConst.m in Sources */,
				111B9DD31D5860E90045AEDA /* MainTabbarController.swift in Sources */,
				112CFF9E1D740BD600DE7D20 /* ShopCarListResult.swift in Sources */,
				112B919F1D644ED300DD12D5 /* MJRefreshNormalHeader.m in Sources */,
				112B91951D644ED300DD12D5 /* MJRefreshComponent.m in Sources */,
			);
			runOnlyForDeploymentPostprocessing = 0;
		};
/* End PBXSourcesBuildPhase section */

/* Begin PBXVariantGroup section */
		110D86EE1D54878A00B4B352 /* Main.storyboard */ = {
			isa = PBXVariantGroup;
			children = (
				110D86EF1D54878A00B4B352 /* Base */,
			);
			name = Main.storyboard;
			sourceTree = "<group>";
		};
		110D86F31D54878A00B4B352 /* LaunchScreen.storyboard */ = {
			isa = PBXVariantGroup;
			children = (
				110D86F41D54878A00B4B352 /* Base */,
			);
			name = LaunchScreen.storyboard;
			sourceTree = "<group>";
		};
/* End PBXVariantGroup section */

/* Begin XCBuildConfiguration section */
		110D86F71D54878A00B4B352 /* Debug */ = {
			isa = XCBuildConfiguration;
			buildSettings = {
				ALWAYS_SEARCH_USER_PATHS = NO;
				CLANG_ANALYZER_NONNULL = YES;
				CLANG_CXX_LANGUAGE_STANDARD = "gnu++0x";
				CLANG_CXX_LIBRARY = "libc++";
				CLANG_ENABLE_MODULES = YES;
				CLANG_ENABLE_OBJC_ARC = YES;
				CLANG_WARN_BOOL_CONVERSION = YES;
				CLANG_WARN_CONSTANT_CONVERSION = YES;
				CLANG_WARN_DIRECT_OBJC_ISA_USAGE = YES_ERROR;
				CLANG_WARN_EMPTY_BODY = YES;
				CLANG_WARN_ENUM_CONVERSION = YES;
				CLANG_WARN_INFINITE_RECURSION = YES;
				CLANG_WARN_INT_CONVERSION = YES;
				CLANG_WARN_OBJC_ROOT_CLASS = YES_ERROR;
				CLANG_WARN_SUSPICIOUS_MOVE = YES;
				CLANG_WARN_UNREACHABLE_CODE = YES;
				CLANG_WARN__DUPLICATE_METHOD_MATCH = YES;
				"CODE_SIGN_IDENTITY[sdk=iphoneos*]" = "iPhone Developer";
				COPY_PHASE_STRIP = NO;
				DEBUG_INFORMATION_FORMAT = dwarf;
				ENABLE_STRICT_OBJC_MSGSEND = YES;
				ENABLE_TESTABILITY = YES;
				GCC_C_LANGUAGE_STANDARD = gnu99;
				GCC_DYNAMIC_NO_PIC = NO;
				GCC_NO_COMMON_BLOCKS = YES;
				GCC_OPTIMIZATION_LEVEL = 0;
				GCC_PREPROCESSOR_DEFINITIONS = (
					"DEBUG=1",
					"$(inherited)",
				);
				GCC_WARN_64_TO_32_BIT_CONVERSION = YES;
				GCC_WARN_ABOUT_RETURN_TYPE = YES_ERROR;
				GCC_WARN_UNDECLARED_SELECTOR = YES;
				GCC_WARN_UNINITIALIZED_AUTOS = YES_AGGRESSIVE;
				GCC_WARN_UNUSED_FUNCTION = YES;
				GCC_WARN_UNUSED_VARIABLE = YES;
				IPHONEOS_DEPLOYMENT_TARGET = 9.3;
				MTL_ENABLE_DEBUG_INFO = YES;
				ONLY_ACTIVE_ARCH = YES;
				SDKROOT = iphoneos;
				SWIFT_OPTIMIZATION_LEVEL = "-Onone";
			};
			name = Debug;
		};
		110D86F81D54878A00B4B352 /* Release */ = {
			isa = XCBuildConfiguration;
			buildSettings = {
				ALWAYS_SEARCH_USER_PATHS = NO;
				CLANG_ANALYZER_NONNULL = YES;
				CLANG_CXX_LANGUAGE_STANDARD = "gnu++0x";
				CLANG_CXX_LIBRARY = "libc++";
				CLANG_ENABLE_MODULES = YES;
				CLANG_ENABLE_OBJC_ARC = YES;
				CLANG_WARN_BOOL_CONVERSION = YES;
				CLANG_WARN_CONSTANT_CONVERSION = YES;
				CLANG_WARN_DIRECT_OBJC_ISA_USAGE = YES_ERROR;
				CLANG_WARN_EMPTY_BODY = YES;
				CLANG_WARN_ENUM_CONVERSION = YES;
				CLANG_WARN_INFINITE_RECURSION = YES;
				CLANG_WARN_INT_CONVERSION = YES;
				CLANG_WARN_OBJC_ROOT_CLASS = YES_ERROR;
				CLANG_WARN_SUSPICIOUS_MOVE = YES;
				CLANG_WARN_UNREACHABLE_CODE = YES;
				CLANG_WARN__DUPLICATE_METHOD_MATCH = YES;
				"CODE_SIGN_IDENTITY[sdk=iphoneos*]" = "iPhone Developer";
				COPY_PHASE_STRIP = NO;
				DEBUG_INFORMATION_FORMAT = "dwarf-with-dsym";
				ENABLE_NS_ASSERTIONS = NO;
				ENABLE_STRICT_OBJC_MSGSEND = YES;
				GCC_C_LANGUAGE_STANDARD = gnu99;
				GCC_NO_COMMON_BLOCKS = YES;
				GCC_WARN_64_TO_32_BIT_CONVERSION = YES;
				GCC_WARN_ABOUT_RETURN_TYPE = YES_ERROR;
				GCC_WARN_UNDECLARED_SELECTOR = YES;
				GCC_WARN_UNINITIALIZED_AUTOS = YES_AGGRESSIVE;
				GCC_WARN_UNUSED_FUNCTION = YES;
				GCC_WARN_UNUSED_VARIABLE = YES;
				IPHONEOS_DEPLOYMENT_TARGET = 9.3;
				MTL_ENABLE_DEBUG_INFO = NO;
				SDKROOT = iphoneos;
				SWIFT_OPTIMIZATION_LEVEL = "-Owholemodule";
				VALIDATE_PRODUCT = YES;
			};
			name = Release;
		};
		110D86FA1D54878A00B4B352 /* Debug */ = {
			isa = XCBuildConfiguration;
			baseConfigurationReference = 01031C0E5D44C38925F50B33 /* Pods-Project16Netease.debug.xcconfig */;
			buildSettings = {
				ALWAYS_EMBED_SWIFT_STANDARD_LIBRARIES = YES;
				ASSETCATALOG_COMPILER_APPICON_NAME = AppIcon;
				GCC_PREFIX_HEADER = "";
				INFOPLIST_FILE = Project16Netease/Info.plist;
				IPHONEOS_DEPLOYMENT_TARGET = 8.0;
				LD_RUNPATH_SEARCH_PATHS = "$(inherited) @executable_path/Frameworks";
				PRODUCT_BUNDLE_IDENTIFIER = "com.szgyzb.Project---16---------";
				PRODUCT_NAME = Project16Netease;
				SWIFT_OBJC_BRIDGING_HEADER = "$(SRCROOT)/Project16Netease/Weibo_bridge.h";
				SWIFT_VERSION = 3.0;
			};
			name = Debug;
		};
		110D86FB1D54878A00B4B352 /* Release */ = {
			isa = XCBuildConfiguration;
			baseConfigurationReference = 83451895CAE7E28BCBF6C4FB /* Pods-Project16Netease.release.xcconfig */;
			buildSettings = {
				ALWAYS_EMBED_SWIFT_STANDARD_LIBRARIES = YES;
				ASSETCATALOG_COMPILER_APPICON_NAME = AppIcon;
				GCC_PREFIX_HEADER = "";
				INFOPLIST_FILE = Project16Netease/Info.plist;
				IPHONEOS_DEPLOYMENT_TARGET = 8.0;
				LD_RUNPATH_SEARCH_PATHS = "$(inherited) @executable_path/Frameworks";
				PRODUCT_BUNDLE_IDENTIFIER = "com.szgyzb.Project---16---------";
				PRODUCT_NAME = Project16Netease;
				SWIFT_OBJC_BRIDGING_HEADER = "$(SRCROOT)/Project16Netease/Weibo_bridge.h";
				SWIFT_VERSION = 3.0;
			};
			name = Release;
		};
/* End XCBuildConfiguration section */

/* Begin XCConfigurationList section */
		110D86E21D54878A00B4B352 /* Build configuration list for PBXProject "Project16Netease" */ = {
			isa = XCConfigurationList;
			buildConfigurations = (
				110D86F71D54878A00B4B352 /* Debug */,
				110D86F81D54878A00B4B352 /* Release */,
			);
			defaultConfigurationIsVisible = 0;
			defaultConfigurationName = Release;
		};
		110D86F91D54878A00B4B352 /* Build configuration list for PBXNativeTarget "Project16Netease" */ = {
			isa = XCConfigurationList;
			buildConfigurations = (
				110D86FA1D54878A00B4B352 /* Debug */,
				110D86FB1D54878A00B4B352 /* Release */,
			);
			defaultConfigurationIsVisible = 0;
			defaultConfigurationName = Release;
		};
/* End XCConfigurationList section */
	};
	rootObject = 110D86DF1D54878A00B4B352 /* Project object */;
}
